<?xml version="1.0" encoding="utf-8"?>
<Project ToolsVersion="4.0" xmlns="http://schemas.microsoft.com/developer/msbuild/2003">
  <ItemGroup>
    <Filter Include="Assets">
      <UniqueIdentifier>263fc6da-282d-4718-9025-6b256ec45766</UniqueIdentifier>
      <Extensions>ico;cur;bmp;dds;dlg;fbx;rct;bin;rgs;gif;jpg;jpeg;jpe;resx;tga;tiff;tif;png;wav;mfcribbon-ms</Extensions>
    </Filter>
    <Filter Include="Assets\CMO">
      <UniqueIdentifier>{27b2ef02-7ab9-4340-9f45-515b61cc2873}</UniqueIdentifier>
    </Filter>
  </ItemGroup>
  <ItemGroup>
    <ClInclude Include="Game.h" />
    <ClInclude Include="ParticleTest.h" />
  </ItemGroup>
  <ItemGroup>
    <ClCompile Include="Game.cpp" />
    <ClCompile Include="Main.cpp" />
    <ClCompile Include="ParticleTest.cpp" />
  </ItemGroup>
  <ItemGroup>
    <ResourceCompile Include="resource.rc" />
  </ItemGroup>
  <ItemGroup>
    <Image Include="directx.ico">
      <Filter>Assets</Filter>
    </Image>
  </ItemGroup>
  <ItemGroup>
    <Manifest Include="settings.manifest">
      <Filter>Assets</Filter>
    </Manifest>
  </ItemGroup>
  <ItemGroup>
    <FxCompile Include="ParticleGS.hlsl" />
    <FxCompile Include="ParticlePS.hlsl" />
    <FxCompile Include="ParticleVS.hlsl" />
  </ItemGroup>
  <ItemGroup>
    <MeshContentTask Include="Assets\CapsuleNode.FBX">
      <Filter>Assets\CMO</Filter>
    </MeshContentTask>
    <MeshContentTask Include="Assets\skydome.FBX">
      <Filter>Assets\CMO</Filter>
    </MeshContentTask>
    <MeshContentTask Include="Assets\SphereNode.FBX">
      <Filter>Assets\CMO</Filter>
    </MeshContentTask>
  </ItemGroup>
  <ItemGroup>
    <None Include="Particle.hlsli" />
  </ItemGroup>
</Project>